
Microsoft Visual Studio Solution File, Format Version 12.00
# Visual Studio Version 17
VisualStudioVersion = 17.9.34616.47
MinimumVisualStudioVersion = 10.0.40219.1
Project("{FAE04EC0-301F-11D3-BF4B-00C04F79EFBC}") = "ChatStudents_Kylosov", "ChatStudents_Kylosov.csproj", "{19794985-AFA6-4161-AFBC-D1A8DEEC378E}"
EndProject
Global
	GlobalSection(SolutionConfigurationPlatforms) = preSolution
		Debug|Any CPU = Debug|Any CPU
		Release|Any CPU = Release|Any CPU
	EndGlobalSection
	GlobalSection(ProjectConfigurationPlatforms) = postSolution
		{19794985-AFA6-4161-AFBC-D1A8DEEC378E}.Debug|Any CPU.ActiveCfg = Debug|Any CPU
		{19794985-AFA6-4161-AFBC-D1A8DEEC378E}.Debug|Any CPU.Build.0 = Debug|Any CPU
		{19794985-AFA6-4161-AFBC-D1A8DEEC378E}.Release|Any CPU.ActiveCfg = Release|Any CPU
		{19794985-AFA6-4161-AFBC-D1A8DEEC378E}.Release|Any CPU.Build.0 = Release|Any CPU
	EndGlobalSection
	GlobalSection(SolutionProperties) = preSolution
		HideSolutionNode = FALSE
	EndGlobalSection
	GlobalSection(ExtensibilityGlobals) = postSolution
		SolutionGuid = {0EABA4C0-D3CF-49A0-9B14-55E7EAE373DF}
	EndGlobalSection
EndGlobal
